
Microsoft Visual Studio Solution File, Format Version 12.00
# Visual Studio Version 17
VisualStudioVersion = 17.5.33516.290
MinimumVisualStudioVersion = 10.0.40219.1
Project("{9A19103F-16F7-4668-BE54-9A1E7A4F7556}") = "Quiz.WebUi", "Quiz.WebUi\Quiz.WebUi.csproj", "{DA231564-1095-47C5-8418-1178FD5324A5}"
EndProject
Project("{9A19103F-16F7-4668-BE54-9A1E7A4F7556}") = "Quiz.WebApi", "Quiz.WebApi\Quiz.WebApi.csproj", "{5651124B-8308-4905-8AC9-87E5BB9CF3C6}"
EndProject
Project("{FAE04EC0-301F-11D3-BF4B-00C04F79EFBC}") = "Quiz.Contracts", "Quiz.Contracts\Quiz.Contracts.csproj", "{B40879C9-1871-4A41-BC4F-405A1E439D5C}"
EndProject
Global
	GlobalSection(SolutionConfigurationPlatforms) = preSolution
		Debug|Any CPU = Debug|Any CPU
		Release|Any CPU = Release|Any CPU
	EndGlobalSection
	GlobalSection(ProjectConfigurationPlatforms) = postSolution
		{DA231564-1095-47C5-8418-1178FD5324A5}.Debug|Any CPU.ActiveCfg = Debug|Any CPU
		{DA231564-1095-47C5-8418-1178FD5324A5}.Debug|Any CPU.Build.0 = Debug|Any CPU
		{DA231564-1095-47C5-8418-1178FD5324A5}.Release|Any CPU.ActiveCfg = Release|Any CPU
		{DA231564-1095-47C5-8418-1178FD5324A5}.Release|Any CPU.Build.0 = Release|Any CPU
		{5651124B-8308-4905-8AC9-87E5BB9CF3C6}.Debug|Any CPU.ActiveCfg = Debug|Any CPU
		{5651124B-8308-4905-8AC9-87E5BB9CF3C6}.Debug|Any CPU.Build.0 = Debug|Any CPU
		{5651124B-8308-4905-8AC9-87E5BB9CF3C6}.Release|Any CPU.ActiveCfg = Release|Any CPU
		{5651124B-8308-4905-8AC9-87E5BB9CF3C6}.Release|Any CPU.Build.0 = Release|Any CPU
		{B40879C9-1871-4A41-BC4F-405A1E439D5C}.Debug|Any CPU.ActiveCfg = Debug|Any CPU
		{B40879C9-1871-4A41-BC4F-405A1E439D5C}.Debug|Any CPU.Build.0 = Debug|Any CPU
		{B40879C9-1871-4A41-BC4F-405A1E439D5C}.Release|Any CPU.ActiveCfg = Release|Any CPU
		{B40879C9-1871-4A41-BC4F-405A1E439D5C}.Release|Any CPU.Build.0 = Release|Any CPU
	EndGlobalSection
	GlobalSection(SolutionProperties) = preSolution
		HideSolutionNode = FALSE
	EndGlobalSection
	GlobalSection(ExtensibilityGlobals) = postSolution
		SolutionGuid = {F35F255A-6D83-438C-A1DC-3E0752446A74}
	EndGlobalSection
EndGlobal
